
Microsoft Visual Studio Solution File, Format Version 12.00
# Visual Studio Version 17
VisualStudioVersion = 17.9.34902.65
MinimumVisualStudioVersion = 10.0.40219.1
Project("{9A19103F-16F7-4668-BE54-9A1E7A4F7556}") = "HeroPlan", "HeroPlan.csproj", "{FCAFC5D4-F5FD-40D1-ADE9-14A5C6FCA93D}"
EndProject
Global
	GlobalSection(SolutionConfigurationPlatforms) = preSolution
		Debug|Any CPU = Debug|Any CPU
		Release|Any CPU = Release|Any CPU
	EndGlobalSection
	GlobalSection(ProjectConfigurationPlatforms) = postSolution
		{FCAFC5D4-F5FD-40D1-ADE9-14A5C6FCA93D}.Debug|Any CPU.ActiveCfg = Debug|Any CPU
		{FCAFC5D4-F5FD-40D1-ADE9-14A5C6FCA93D}.Debug|Any CPU.Build.0 = Debug|Any CPU
		{FCAFC5D4-F5FD-40D1-ADE9-14A5C6FCA93D}.Release|Any CPU.ActiveCfg = Release|Any CPU
		{FCAFC5D4-F5FD-40D1-ADE9-14A5C6FCA93D}.Release|Any CPU.Build.0 = Release|Any CPU
	EndGlobalSection
	GlobalSection(SolutionProperties) = preSolution
		HideSolutionNode = FALSE
	EndGlobalSection
	GlobalSection(ExtensibilityGlobals) = postSolution
		SolutionGuid = {8047DF55-282B-46DE-84C1-D84AE0A70F95}
	EndGlobalSection
EndGlobal
